// !$*UTF8*$!
{
	archiveVersion = 1;
	classes = {
	};
	objectVersion = 55;
	objects = {

/* Begin PBXBuildFile section */
		0CD87DE58D3D3A1F09D11C2F /* Pods_Chat_App.framework in Frameworks */ = {isa = PBXBuildFile; fileRef = D006F9C3CD8F8E143B3EE650 /* Pods_Chat_App.framework */; };
		19049AAB27B74C66005723F3 /* MainTabBarController.swift in Sources */ = {isa = PBXBuildFile; fileRef = 19049AAA27B74C66005723F3 /* MainTabBarController.swift */; };
		19049AB127B74E9C005723F3 /* ExploreController.swift in Sources */ = {isa = PBXBuildFile; fileRef = 19049AB027B74E9B005723F3 /* ExploreController.swift */; };
		19049AB327B74EB7005723F3 /* FeedController.swift in Sources */ = {isa = PBXBuildFile; fileRef = 19049AB227B74EB7005723F3 /* FeedController.swift */; };
		19049AB527B74ECA005723F3 /* NotificationsController.swift in Sources */ = {isa = PBXBuildFile; fileRef = 19049AB427B74EC9005723F3 /* NotificationsController.swift */; };
		19049AB927B74F01005723F3 /* ConversationsController.swift in Sources */ = {isa = PBXBuildFile; fileRef = 19049AB827B74F01005723F3 /* ConversationsController.swift */; };
		19097AB728191E8200AFBE39 /* UploadTweetController.swift in Sources */ = {isa = PBXBuildFile; fileRef = 19097AB628191E8200AFBE39 /* UploadTweetController.swift */; };
		19097AB92819377600AFBE39 /* CaptionTextView.swift in Sources */ = {isa = PBXBuildFile; fileRef = 19097AB82819377600AFBE39 /* CaptionTextView.swift */; };
		19097ABB28193E2200AFBE39 /* TweetService.swift in Sources */ = {isa = PBXBuildFile; fileRef = 19097ABA28193E2200AFBE39 /* TweetService.swift */; };
		1924622E281682120002BEE0 /* UserService.swift in Sources */ = {isa = PBXBuildFile; fileRef = 1924622D281682120002BEE0 /* UserService.swift */; };
		1949393C27FA8577003D7DC8 /* Utilities.swift in Sources */ = {isa = PBXBuildFile; fileRef = 1949393B27FA8577003D7DC8 /* Utilities.swift */; };
		19524DB328000F4F00134F44 /* GoogleService-Info.plist in Resources */ = {isa = PBXBuildFile; fileRef = 19524DB228000F4F00134F44 /* GoogleService-Info.plist */; };
		19524DB5280021F500134F44 /* Constants.swift in Sources */ = {isa = PBXBuildFile; fileRef = 19524DB4280021F500134F44 /* Constants.swift */; };
		1953D59F2801343C00FF00DA /* AuthService.swift in Sources */ = {isa = PBXBuildFile; fileRef = 1953D59E2801343C00FF00DA /* AuthService.swift */; };
		19A1743627F7F6E3004958C4 /* Extensions.swift in Sources */ = {isa = PBXBuildFile; fileRef = 19A1743527F7F6E3004958C4 /* Extensions.swift */; };
		19A1743927F80064004958C4 /* LoginViewController.swift in Sources */ = {isa = PBXBuildFile; fileRef = 19A1743827F80064004958C4 /* LoginViewController.swift */; };
		19A1743B27F8006D004958C4 /* RegisterViewController.swift in Sources */ = {isa = PBXBuildFile; fileRef = 19A1743A27F8006D004958C4 /* RegisterViewController.swift */; };
		19BF1A572817C4B8009453F2 /* User.swift in Sources */ = {isa = PBXBuildFile; fileRef = 19BF1A562817C4B8009453F2 /* User.swift */; };
		19F71184281A2D4800CE34EB /* Tweet.swift in Sources */ = {isa = PBXBuildFile; fileRef = 19F71183281A2D4800CE34EB /* Tweet.swift */; };
		19F71186281A3A8F00CE34EB /* TweetCell.swift in Sources */ = {isa = PBXBuildFile; fileRef = 19F71185281A3A8F00CE34EB /* TweetCell.swift */; };
		8010017027B7281F00D0F326 /* AppDelegate.swift in Sources */ = {isa = PBXBuildFile; fileRef = 8010016F27B7281F00D0F326 /* AppDelegate.swift */; };
		8010017227B7281F00D0F326 /* SceneDelegate.swift in Sources */ = {isa = PBXBuildFile; fileRef = 8010017127B7281F00D0F326 /* SceneDelegate.swift */; };
		8010017727B7281F00D0F326 /* Main.storyboard in Resources */ = {isa = PBXBuildFile; fileRef = 8010017527B7281F00D0F326 /* Main.storyboard */; };
		8010017927B7282000D0F326 /* Assets.xcassets in Resources */ = {isa = PBXBuildFile; fileRef = 8010017827B7282000D0F326 /* Assets.xcassets */; };
		8010017C27B7282000D0F326 /* LaunchScreen.storyboard in Resources */ = {isa = PBXBuildFile; fileRef = 8010017A27B7282000D0F326 /* LaunchScreen.storyboard */; };
/* End PBXBuildFile section */

/* Begin PBXFileReference section */
		19049AAA27B74C66005723F3 /* MainTabBarController.swift */ = {isa = PBXFileReference; lastKnownFileType = sourcecode.swift; path = MainTabBarController.swift; sourceTree = "<group>"; };
		19049AB027B74E9B005723F3 /* ExploreController.swift */ = {isa = PBXFileReference; lastKnownFileType = sourcecode.swift; path = ExploreController.swift; sourceTree = "<group>"; };
		19049AB227B74EB7005723F3 /* FeedController.swift */ = {isa = PBXFileReference; lastKnownFileType = sourcecode.swift; path = FeedController.swift; sourceTree = "<group>"; };
		19049AB427B74EC9005723F3 /* NotificationsController.swift */ = {isa = PBXFileReference; lastKnownFileType = sourcecode.swift; path = NotificationsController.swift; sourceTree = "<group>"; };
		19049AB827B74F01005723F3 /* ConversationsController.swift */ = {isa = PBXFileReference; lastKnownFileType = sourcecode.swift; path = ConversationsController.swift; sourceTree = "<group>"; };
		19097AB628191E8200AFBE39 /* UploadTweetController.swift */ = {isa = PBXFileReference; lastKnownFileType = sourcecode.swift; path = UploadTweetController.swift; sourceTree = "<group>"; };
		19097AB82819377600AFBE39 /* CaptionTextView.swift */ = {isa = PBXFileReference; lastKnownFileType = sourcecode.swift; path = CaptionTextView.swift; sourceTree = "<group>"; };
		19097ABA28193E2200AFBE39 /* TweetService.swift */ = {isa = PBXFileReference; lastKnownFileType = sourcecode.swift; path = TweetService.swift; sourceTree = "<group>"; };
		1924622D281682120002BEE0 /* UserService.swift */ = {isa = PBXFileReference; lastKnownFileType = sourcecode.swift; path = UserService.swift; sourceTree = "<group>"; };
		1949393B27FA8577003D7DC8 /* Utilities.swift */ = {isa = PBXFileReference; lastKnownFileType = sourcecode.swift; path = Utilities.swift; sourceTree = "<group>"; };
		19524DB228000F4F00134F44 /* GoogleService-Info.plist */ = {isa = PBXFileReference; fileEncoding = 4; lastKnownFileType = text.plist.xml; path = "GoogleService-Info.plist"; sourceTree = "<group>"; };
		19524DB4280021F500134F44 /* Constants.swift */ = {isa = PBXFileReference; lastKnownFileType = sourcecode.swift; path = Constants.swift; sourceTree = "<group>"; };
		1953D59E2801343C00FF00DA /* AuthService.swift */ = {isa = PBXFileReference; lastKnownFileType = sourcecode.swift; path = AuthService.swift; sourceTree = "<group>"; };
		19A1743527F7F6E3004958C4 /* Extensions.swift */ = {isa = PBXFileReference; lastKnownFileType = sourcecode.swift; path = Extensions.swift; sourceTree = "<group>"; };
		19A1743827F80064004958C4 /* LoginViewController.swift */ = {isa = PBXFileReference; lastKnownFileType = sourcecode.swift; path = LoginViewController.swift; sourceTree = "<group>"; };
		19A1743A27F8006D004958C4 /* RegisterViewController.swift */ = {isa = PBXFileReference; lastKnownFileType = sourcecode.swift; path = RegisterViewController.swift; sourceTree = "<group>"; };
		19BF1A562817C4B8009453F2 /* User.swift */ = {isa = PBXFileReference; lastKnownFileType = sourcecode.swift; path = User.swift; sourceTree = "<group>"; };
		19F71183281A2D4800CE34EB /* Tweet.swift */ = {isa = PBXFileReference; lastKnownFileType = sourcecode.swift; path = Tweet.swift; sourceTree = "<group>"; };
		19F71185281A3A8F00CE34EB /* TweetCell.swift */ = {isa = PBXFileReference; lastKnownFileType = sourcecode.swift; path = TweetCell.swift; sourceTree = "<group>"; };
		8010016C27B7281E00D0F326 /* Chat App.app */ = {isa = PBXFileReference; explicitFileType = wrapper.application; includeInIndex = 0; path = "Chat App.app"; sourceTree = BUILT_PRODUCTS_DIR; };
		8010016F27B7281F00D0F326 /* AppDelegate.swift */ = {isa = PBXFileReference; lastKnownFileType = sourcecode.swift; path = AppDelegate.swift; sourceTree = "<group>"; };
		8010017127B7281F00D0F326 /* SceneDelegate.swift */ = {isa = PBXFileReference; lastKnownFileType = sourcecode.swift; path = SceneDelegate.swift; sourceTree = "<group>"; };
		8010017627B7281F00D0F326 /* Base */ = {isa = PBXFileReference; lastKnownFileType = file.storyboard; name = Base; path = Base.lproj/Main.storyboard; sourceTree = "<group>"; };
		8010017827B7282000D0F326 /* Assets.xcassets */ = {isa = PBXFileReference; lastKnownFileType = folder.assetcatalog; path = Assets.xcassets; sourceTree = "<group>"; };
		8010017B27B7282000D0F326 /* Base */ = {isa = PBXFileReference; lastKnownFileType = file.storyboard; name = Base; path = Base.lproj/LaunchScreen.storyboard; sourceTree = "<group>"; };
		8010017D27B7282000D0F326 /* Info.plist */ = {isa = PBXFileReference; lastKnownFileType = text.plist.xml; path = Info.plist; sourceTree = "<group>"; };
		A043A50F5AE93181EEA8A444 /* Pods-Chat App.release.xcconfig */ = {isa = PBXFileReference; includeInIndex = 1; lastKnownFileType = text.xcconfig; name = "Pods-Chat App.release.xcconfig"; path = "Target Support Files/Pods-Chat App/Pods-Chat App.release.xcconfig"; sourceTree = "<group>"; };
		D006F9C3CD8F8E143B3EE650 /* Pods_Chat_App.framework */ = {isa = PBXFileReference; explicitFileType = wrapper.framework; includeInIndex = 0; path = Pods_Chat_App.framework; sourceTree = BUILT_PRODUCTS_DIR; };
		E0301813395C800D72FDBE12 /* Pods-Chat App.debug.xcconfig */ = {isa = PBXFileReference; includeInIndex = 1; lastKnownFileType = text.xcconfig; name = "Pods-Chat App.debug.xcconfig"; path = "Target Support Files/Pods-Chat App/Pods-Chat App.debug.xcconfig"; sourceTree = "<group>"; };
/* End PBXFileReference section */

/* Begin PBXFrameworksBuildPhase section */
		8010016927B7281E00D0F326 /* Frameworks */ = {
			isa = PBXFrameworksBuildPhase;
			buildActionMask = 2147483647;
			files = (
				0CD87DE58D3D3A1F09D11C2F /* Pods_Chat_App.framework in Frameworks */,
			);
			runOnlyForDeploymentPostprocessing = 0;
		};
/* End PBXFrameworksBuildPhase section */

/* Begin PBXGroup section */
		19049AA227B74B98005723F3 /* Utils */ = {
			isa = PBXGroup;
			children = (
				19A1743527F7F6E3004958C4 /* Extensions.swift */,
				1949393B27FA8577003D7DC8 /* Utilities.swift */,
				19524DB4280021F500134F44 /* Constants.swift */,
			);
			path = Utils;
			sourceTree = "<group>";
		};
		19049AA327B74B9B005723F3 /* Controller */ = {
			isa = PBXGroup;
			children = (
				19A1743727F80050004958C4 /* Authentication */,
				19049AAA27B74C66005723F3 /* MainTabBarController.swift */,
				19049AB027B74E9B005723F3 /* ExploreController.swift */,
				19049AB227B74EB7005723F3 /* FeedController.swift */,
				19049AB427B74EC9005723F3 /* NotificationsController.swift */,
				19049AB827B74F01005723F3 /* ConversationsController.swift */,
				19097AB628191E8200AFBE39 /* UploadTweetController.swift */,
			);
			path = Controller;
			sourceTree = "<group>";
		};
		19049AA427B74B9D005723F3 /* API */ = {
			isa = PBXGroup;
			children = (
				1953D59E2801343C00FF00DA /* AuthService.swift */,
				1924622D281682120002BEE0 /* UserService.swift */,
				19097ABA28193E2200AFBE39 /* TweetService.swift */,
			);
			path = API;
			sourceTree = "<group>";
		};
		19049AA527B74BA0005723F3 /* ViewModel */ = {
			isa = PBXGroup;
			children = (
			);
			path = ViewModel;
			sourceTree = "<group>";
		};
		19049AA627B74BA2005723F3 /* Model */ = {
			isa = PBXGroup;
			children = (
				19BF1A562817C4B8009453F2 /* User.swift */,
				19F71183281A2D4800CE34EB /* Tweet.swift */,
			);
			path = Model;
			sourceTree = "<group>";
		};
		19049AA727B74BA7005723F3 /* View */ = {
			isa = PBXGroup;
			children = (
				19097AB82819377600AFBE39 /* CaptionTextView.swift */,
				19F71185281A3A8F00CE34EB /* TweetCell.swift */,
			);
			path = View;
			sourceTree = "<group>";
		};
		19A1743727F80050004958C4 /* Authentication */ = {
			isa = PBXGroup;
			children = (
				19A1743827F80064004958C4 /* LoginViewController.swift */,
				19A1743A27F8006D004958C4 /* RegisterViewController.swift */,
			);
			path = Authentication;
			sourceTree = "<group>";
		};
		1D176B932E67A5835EA3E6F0 /* Frameworks */ = {
			isa = PBXGroup;
			children = (
				D006F9C3CD8F8E143B3EE650 /* Pods_Chat_App.framework */,
			);
			name = Frameworks;
			sourceTree = "<group>";
		};
		6B171758B6CBA4BBCAD6DE81 /* Pods */ = {
			isa = PBXGroup;
			children = (
				E0301813395C800D72FDBE12 /* Pods-Chat App.debug.xcconfig */,
				A043A50F5AE93181EEA8A444 /* Pods-Chat App.release.xcconfig */,
			);
			path = Pods;
			sourceTree = "<group>";
		};
		8010016327B7281E00D0F326 = {
			isa = PBXGroup;
			children = (
				8010016E27B7281E00D0F326 /* Chat App */,
				8010016D27B7281E00D0F326 /* Products */,
				6B171758B6CBA4BBCAD6DE81 /* Pods */,
				1D176B932E67A5835EA3E6F0 /* Frameworks */,
			);
			sourceTree = "<group>";
		};
		8010016D27B7281E00D0F326 /* Products */ = {
			isa = PBXGroup;
			children = (
				8010016C27B7281E00D0F326 /* Chat App.app */,
			);
			name = Products;
			sourceTree = "<group>";
		};
		8010016E27B7281E00D0F326 /* Chat App */ = {
			isa = PBXGroup;
			children = (
				19049AA727B74BA7005723F3 /* View */,
				19049AA627B74BA2005723F3 /* Model */,
				19049AA527B74BA0005723F3 /* ViewModel */,
				19049AA427B74B9D005723F3 /* API */,
				19049AA327B74B9B005723F3 /* Controller */,
				19049AA227B74B98005723F3 /* Utils */,
				8010016F27B7281F00D0F326 /* AppDelegate.swift */,
				8010017127B7281F00D0F326 /* SceneDelegate.swift */,
				8010017527B7281F00D0F326 /* Main.storyboard */,
				8010017827B7282000D0F326 /* Assets.xcassets */,
				8010017A27B7282000D0F326 /* LaunchScreen.storyboard */,
				8010017D27B7282000D0F326 /* Info.plist */,
				19524DB228000F4F00134F44 /* GoogleService-Info.plist */,
			);
			path = "Chat App";
			sourceTree = "<group>";
		};
/* End PBXGroup section */

/* Begin PBXNativeTarget section */
		8010016B27B7281E00D0F326 /* Chat App */ = {
			isa = PBXNativeTarget;
			buildConfigurationList = 8010018027B7282000D0F326 /* Build configuration list for PBXNativeTarget "Chat App" */;
			buildPhases = (
				50304748C8066226276AEEDC /* [CP] Check Pods Manifest.lock */,
				8010016827B7281E00D0F326 /* Sources */,
				8010016927B7281E00D0F326 /* Frameworks */,
				8010016A27B7281E00D0F326 /* Resources */,
				B18A2D234F3119F153087C08 /* [CP] Embed Pods Frameworks */,
			);
			buildRules = (
			);
			dependencies = (
			);
			name = "Chat App";
			productName = "Chat App";
			productReference = 8010016C27B7281E00D0F326 /* Chat App.app */;
			productType = "com.apple.product-type.application";
		};
/* End PBXNativeTarget section */

/* Begin PBXProject section */
		8010016427B7281E00D0F326 /* Project object */ = {
			isa = PBXProject;
			attributes = {
				BuildIndependentTargetsInParallel = 1;
				LastSwiftUpdateCheck = 1310;
				LastUpgradeCheck = 1310;
				TargetAttributes = {
					8010016B27B7281E00D0F326 = {
						CreatedOnToolsVersion = 13.1;
					};
				};
			};
			buildConfigurationList = 8010016727B7281E00D0F326 /* Build configuration list for PBXProject "Chat App" */;
			compatibilityVersion = "Xcode 13.0";
			developmentRegion = en;
			hasScannedForEncodings = 0;
			knownRegions = (
				en,
				Base,
			);
			mainGroup = 8010016327B7281E00D0F326;
			productRefGroup = 8010016D27B7281E00D0F326 /* Products */;
			projectDirPath = "";
			projectRoot = "";
			targets = (
				8010016B27B7281E00D0F326 /* Chat App */,
			);
		};
/* End PBXProject section */

/* Begin PBXResourcesBuildPhase section */
		8010016A27B7281E00D0F326 /* Resources */ = {
			isa = PBXResourcesBuildPhase;
			buildActionMask = 2147483647;
			files = (
				8010017C27B7282000D0F326 /* LaunchScreen.storyboard in Resources */,
				19524DB328000F4F00134F44 /* GoogleService-Info.plist in Resources */,
				8010017927B7282000D0F326 /* Assets.xcassets in Resources */,
				8010017727B7281F00D0F326 /* Main.storyboard in Resources */,
			);
			runOnlyForDeploymentPostprocessing = 0;
		};
/* End PBXResourcesBuildPhase section */

/* Begin PBXShellScriptBuildPhase section */
		50304748C8066226276AEEDC /* [CP] Check Pods Manifest.lock */ = {
			isa = PBXShellScriptBuildPhase;
			buildActionMask = 2147483647;
			files = (
			);
			inputFileListPaths = (
			);
			inputPaths = (
				"${PODS_PODFILE_DIR_PATH}/Podfile.lock",
				"${PODS_ROOT}/Manifest.lock",
			);
			name = "[CP] Check Pods Manifest.lock";
			outputFileListPaths = (
			);
			outputPaths = (
				"$(DERIVED_FILE_DIR)/Pods-Chat App-checkManifestLockResult.txt",
			);
			runOnlyForDeploymentPostprocessing = 0;
			shellPath = /bin/sh;
			shellScript = "diff \"${PODS_PODFILE_DIR_PATH}/Podfile.lock\" \"${PODS_ROOT}/Manifest.lock\" > /dev/null\nif [ $? != 0 ] ; then\n    # print error to STDERR\n    echo \"error: The sandbox is not in sync with the Podfile.lock. Run 'pod install' or update your CocoaPods installation.\" >&2\n    exit 1\nfi\n# This output is used by Xcode 'outputs' to avoid re-running this script phase.\necho \"SUCCESS\" > \"${SCRIPT_OUTPUT_FILE_0}\"\n";
			showEnvVarsInLog = 0;
		};
		B18A2D234F3119F153087C08 /* [CP] Embed Pods Frameworks */ = {
			isa = PBXShellScriptBuildPhase;
			buildActionMask = 2147483647;
			files = (
			);
			inputFileListPaths = (
				"${PODS_ROOT}/Target Support Files/Pods-Chat App/Pods-Chat App-frameworks-${CONFIGURATION}-input-files.xcfilelist",
			);
			name = "[CP] Embed Pods Frameworks";
			outputFileListPaths = (
				"${PODS_ROOT}/Target Support Files/Pods-Chat App/Pods-Chat App-frameworks-${CONFIGURATION}-output-files.xcfilelist",
			);
			runOnlyForDeploymentPostprocessing = 0;
			shellPath = /bin/sh;
			shellScript = "\"${PODS_ROOT}/Target Support Files/Pods-Chat App/Pods-Chat App-frameworks.sh\"\n";
			showEnvVarsInLog = 0;
		};
/* End PBXShellScriptBuildPhase section */

/* Begin PBXSourcesBuildPhase section */
		8010016827B7281E00D0F326 /* Sources */ = {
			isa = PBXSourcesBuildPhase;
			buildActionMask = 2147483647;
			files = (
				1924622E281682120002BEE0 /* UserService.swift in Sources */,
				19A1743927F80064004958C4 /* LoginViewController.swift in Sources */,
				19097AB92819377600AFBE39 /* CaptionTextView.swift in Sources */,
				19A1743B27F8006D004958C4 /* RegisterViewController.swift in Sources */,
				1949393C27FA8577003D7DC8 /* Utilities.swift in Sources */,
				19049AB527B74ECA005723F3 /* NotificationsController.swift in Sources */,
				19049AB927B74F01005723F3 /* ConversationsController.swift in Sources */,
				19F71186281A3A8F00CE34EB /* TweetCell.swift in Sources */,
				8010017027B7281F00D0F326 /* AppDelegate.swift in Sources */,
				1953D59F2801343C00FF00DA /* AuthService.swift in Sources */,
				19097AB728191E8200AFBE39 /* UploadTweetController.swift in Sources */,
				19BF1A572817C4B8009453F2 /* User.swift in Sources */,
				19A1743627F7F6E3004958C4 /* Extensions.swift in Sources */,
				19049AB127B74E9C005723F3 /* ExploreController.swift in Sources */,
				19049AB327B74EB7005723F3 /* FeedController.swift in Sources */,
				8010017227B7281F00D0F326 /* SceneDelegate.swift in Sources */,
				19049AAB27B74C66005723F3 /* MainTabBarController.swift in Sources */,
				19524DB5280021F500134F44 /* Constants.swift in Sources */,
				19F71184281A2D4800CE34EB /* Tweet.swift in Sources */,
				19097ABB28193E2200AFBE39 /* TweetService.swift in Sources */,
			);
			runOnlyForDeploymentPostprocessing = 0;
		};
/* End PBXSourcesBuildPhase section */

/* Begin PBXVariantGroup section */
		8010017527B7281F00D0F326 /* Main.storyboard */ = {
			isa = PBXVariantGroup;
			children = (
				8010017627B7281F00D0F326 /* Base */,
			);
			name = Main.storyboard;
			sourceTree = "<group>";
		};
		8010017A27B7282000D0F326 /* LaunchScreen.storyboard */ = {
			isa = PBXVariantGroup;
			children = (
				8010017B27B7282000D0F326 /* Base */,
			);
			name = LaunchScreen.storyboard;
			sourceTree = "<group>";
		};
/* End PBXVariantGroup section */

/* Begin XCBuildConfiguration section */
		8010017E27B7282000D0F326 /* Debug */ = {
			isa = XCBuildConfiguration;
			buildSettings = {
				ALWAYS_SEARCH_USER_PATHS = NO;
				CLANG_ANALYZER_NONNULL = YES;
				CLANG_ANALYZER_NUMBER_OBJECT_CONVERSION = YES_AGGRESSIVE;
				CLANG_CXX_LANGUAGE_STANDARD = "gnu++17";
				CLANG_CXX_LIBRARY = "libc++";
				CLANG_ENABLE_MODULES = YES;
				CLANG_ENABLE_OBJC_ARC = YES;
				CLANG_ENABLE_OBJC_WEAK = YES;
				CLANG_WARN_BLOCK_CAPTURE_AUTORELEASING = YES;
				CLANG_WARN_BOOL_CONVERSION = YES;
				CLANG_WARN_COMMA = YES;
				CLANG_WARN_CONSTANT_CONVERSION = YES;
				CLANG_WARN_DEPRECATED_OBJC_IMPLEMENTATIONS = YES;
				CLANG_WARN_DIRECT_OBJC_ISA_USAGE = YES_ERROR;
				CLANG_WARN_DOCUMENTATION_COMMENTS = YES;
				CLANG_WARN_EMPTY_BODY = YES;
				CLANG_WARN_ENUM_CONVERSION = YES;
				CLANG_WARN_INFINITE_RECURSION = YES;
				CLANG_WARN_INT_CONVERSION = YES;
				CLANG_WARN_NON_LITERAL_NULL_CONVERSION = YES;
				CLANG_WARN_OBJC_IMPLICIT_RETAIN_SELF = YES;
				CLANG_WARN_OBJC_LITERAL_CONVERSION = YES;
				CLANG_WARN_OBJC_ROOT_CLASS = YES_ERROR;
				CLANG_WARN_QUOTED_INCLUDE_IN_FRAMEWORK_HEADER = YES;
				CLANG_WARN_RANGE_LOOP_ANALYSIS = YES;
				CLANG_WARN_STRICT_PROTOTYPES = YES;
				CLANG_WARN_SUSPICIOUS_MOVE = YES;
				CLANG_WARN_UNGUARDED_AVAILABILITY = YES_AGGRESSIVE;
				CLANG_WARN_UNREACHABLE_CODE = YES;
				CLANG_WARN__DUPLICATE_METHOD_MATCH = YES;
				COPY_PHASE_STRIP = NO;
				DEBUG_INFORMATION_FORMAT = dwarf;
				ENABLE_STRICT_OBJC_MSGSEND = YES;
				ENABLE_TESTABILITY = YES;
				GCC_C_LANGUAGE_STANDARD = gnu11;
				GCC_DYNAMIC_NO_PIC = NO;
				GCC_NO_COMMON_BLOCKS = YES;
				GCC_OPTIMIZATION_LEVEL = 0;
				GCC_PREPROCESSOR_DEFINITIONS = (
					"DEBUG=1",
					"$(inherited)",
				);
				GCC_WARN_64_TO_32_BIT_CONVERSION = YES;
				GCC_WARN_ABOUT_RETURN_TYPE = YES_ERROR;
				GCC_WARN_UNDECLARED_SELECTOR = YES;
				GCC_WARN_UNINITIALIZED_AUTOS = YES_AGGRESSIVE;
				GCC_WARN_UNUSED_FUNCTION = YES;
				GCC_WARN_UNUSED_VARIABLE = YES;
				IPHONEOS_DEPLOYMENT_TARGET = 15.0;
				MTL_ENABLE_DEBUG_INFO = INCLUDE_SOURCE;
				MTL_FAST_MATH = YES;
				ONLY_ACTIVE_ARCH = YES;
				SDKROOT = iphoneos;
				SWIFT_ACTIVE_COMPILATION_CONDITIONS = DEBUG;
				SWIFT_OPTIMIZATION_LEVEL = "-Onone";
			};
			name = Debug;
		};
		8010017F27B7282000D0F326 /* Release */ = {
			isa = XCBuildConfiguration;
			buildSettings = {
				ALWAYS_SEARCH_USER_PATHS = NO;
				CLANG_ANALYZER_NONNULL = YES;
				CLANG_ANALYZER_NUMBER_OBJECT_CONVERSION = YES_AGGRESSIVE;
				CLANG_CXX_LANGUAGE_STANDARD = "gnu++17";
				CLANG_CXX_LIBRARY = "libc++";
				CLANG_ENABLE_MODULES = YES;
				CLANG_ENABLE_OBJC_ARC = YES;
				CLANG_ENABLE_OBJC_WEAK = YES;
				CLANG_WARN_BLOCK_CAPTURE_AUTORELEASING = YES;
				CLANG_WARN_BOOL_CONVERSION = YES;
				CLANG_WARN_COMMA = YES;
				CLANG_WARN_CONSTANT_CONVERSION = YES;
				CLANG_WARN_DEPRECATED_OBJC_IMPLEMENTATIONS = YES;
				CLANG_WARN_DIRECT_OBJC_ISA_USAGE = YES_ERROR;
				CLANG_WARN_DOCUMENTATION_COMMENTS = YES;
				CLANG_WARN_EMPTY_BODY = YES;
				CLANG_WARN_ENUM_CONVERSION = YES;
				CLANG_WARN_INFINITE_RECURSION = YES;
				CLANG_WARN_INT_CONVERSION = YES;
				CLANG_WARN_NON_LITERAL_NULL_CONVERSION = YES;
				CLANG_WARN_OBJC_IMPLICIT_RETAIN_SELF = YES;
				CLANG_WARN_OBJC_LITERAL_CONVERSION = YES;
				CLANG_WARN_OBJC_ROOT_CLASS = YES_ERROR;
				CLANG_WARN_QUOTED_INCLUDE_IN_FRAMEWORK_HEADER = YES;
				CLANG_WARN_RANGE_LOOP_ANALYSIS = YES;
				CLANG_WARN_STRICT_PROTOTYPES = YES;
				CLANG_WARN_SUSPICIOUS_MOVE = YES;
				CLANG_WARN_UNGUARDED_AVAILABILITY = YES_AGGRESSIVE;
				CLANG_WARN_UNREACHABLE_CODE = YES;
				CLANG_WARN__DUPLICATE_METHOD_MATCH = YES;
				COPY_PHASE_STRIP = NO;
				DEBUG_INFORMATION_FORMAT = "dwarf-with-dsym";
				ENABLE_NS_ASSERTIONS = NO;
				ENABLE_STRICT_OBJC_MSGSEND = YES;
				GCC_C_LANGUAGE_STANDARD = gnu11;
				GCC_NO_COMMON_BLOCKS = YES;
				GCC_WARN_64_TO_32_BIT_CONVERSION = YES;
				GCC_WARN_ABOUT_RETURN_TYPE = YES_ERROR;
				GCC_WARN_UNDECLARED_SELECTOR = YES;
				GCC_WARN_UNINITIALIZED_AUTOS = YES_AGGRESSIVE;
				GCC_WARN_UNUSED_FUNCTION = YES;
				GCC_WARN_UNUSED_VARIABLE = YES;
				IPHONEOS_DEPLOYMENT_TARGET = 15.0;
				MTL_ENABLE_DEBUG_INFO = NO;
				MTL_FAST_MATH = YES;
				SDKROOT = iphoneos;
				SWIFT_COMPILATION_MODE = wholemodule;
				SWIFT_OPTIMIZATION_LEVEL = "-O";
				VALIDATE_PRODUCT = YES;
			};
			name = Release;
		};
		8010018127B7282000D0F326 /* Debug */ = {
			isa = XCBuildConfiguration;
			baseConfigurationReference = E0301813395C800D72FDBE12 /* Pods-Chat App.debug.xcconfig */;
			buildSettings = {
				ASSETCATALOG_COMPILER_APPICON_NAME = AppIcon;
				ASSETCATALOG_COMPILER_GLOBAL_ACCENT_COLOR_NAME = AccentColor;
				CODE_SIGN_STYLE = Automatic;
				CURRENT_PROJECT_VERSION = 1;
				DEVELOPMENT_TEAM = PSV5RNSML2;
				GENERATE_INFOPLIST_FILE = YES;
				INFOPLIST_FILE = "Chat App/Info.plist";
				INFOPLIST_KEY_UIApplicationSupportsIndirectInputEvents = YES;
				INFOPLIST_KEY_UILaunchStoryboardName = LaunchScreen;
				INFOPLIST_KEY_UIMainStoryboardFile = Main;
				INFOPLIST_KEY_UISupportedInterfaceOrientations_iPad = "UIInterfaceOrientationPortrait UIInterfaceOrientationPortraitUpsideDown UIInterfaceOrientationLandscapeLeft UIInterfaceOrientationLandscapeRight";
				INFOPLIST_KEY_UISupportedInterfaceOrientations_iPhone = "UIInterfaceOrientationPortrait UIInterfaceOrientationLandscapeLeft UIInterfaceOrientationLandscapeRight";
				LD_RUNPATH_SEARCH_PATHS = (
					"$(inherited)",
					"@executable_path/Frameworks",
				);
				MARKETING_VERSION = 1.0;
				PRODUCT_BUNDLE_IDENTIFIER = "com.hafied.Chat-App";
				PRODUCT_NAME = "$(TARGET_NAME)";
				SWIFT_EMIT_LOC_STRINGS = YES;
				SWIFT_VERSION = 5.0;
				TARGETED_DEVICE_FAMILY = "1,2";
			};
			name = Debug;
		};
		8010018227B7282000D0F326 /* Release */ = {
			isa = XCBuildConfiguration;
			baseConfigurationReference = A043A50F5AE93181EEA8A444 /* Pods-Chat App.release.xcconfig */;
			buildSettings = {
				ASSETCATALOG_COMPILER_APPICON_NAME = AppIcon;
				ASSETCATALOG_COMPILER_GLOBAL_ACCENT_COLOR_NAME = AccentColor;
				CODE_SIGN_STYLE = Automatic;
				CURRENT_PROJECT_VERSION = 1;
				DEVELOPMENT_TEAM = PSV5RNSML2;
				GENERATE_INFOPLIST_FILE = YES;
				INFOPLIST_FILE = "Chat App/Info.plist";
				INFOPLIST_KEY_UIApplicationSupportsIndirectInputEvents = YES;
				INFOPLIST_KEY_UILaunchStoryboardName = LaunchScreen;
				INFOPLIST_KEY_UIMainStoryboardFile = Main;
				INFOPLIST_KEY_UISupportedInterfaceOrientations_iPad = "UIInterfaceOrientationPortrait UIInterfaceOrientationPortraitUpsideDown UIInterfaceOrientationLandscapeLeft UIInterfaceOrientationLandscapeRight";
				INFOPLIST_KEY_UISupportedInterfaceOrientations_iPhone = "UIInterfaceOrientationPortrait UIInterfaceOrientationLandscapeLeft UIInterfaceOrientationLandscapeRight";
				LD_RUNPATH_SEARCH_PATHS = (
					"$(inherited)",
					"@executable_path/Frameworks",
				);
				MARKETING_VERSION = 1.0;
				PRODUCT_BUNDLE_IDENTIFIER = "com.hafied.Chat-App";
				PRODUCT_NAME = "$(TARGET_NAME)";
				SWIFT_EMIT_LOC_STRINGS = YES;
				SWIFT_VERSION = 5.0;
				TARGETED_DEVICE_FAMILY = "1,2";
			};
			name = Release;
		};
/* End XCBuildConfiguration section */

/* Begin XCConfigurationList section */
		8010016727B7281E00D0F326 /* Build configuration list for PBXProject "Chat App" */ = {
			isa = XCConfigurationList;
			buildConfigurations = (
				8010017E27B7282000D0F326 /* Debug */,
				8010017F27B7282000D0F326 /* Release */,
			);
			defaultConfigurationIsVisible = 0;
			defaultConfigurationName = Release;
		};
		8010018027B7282000D0F326 /* Build configuration list for PBXNativeTarget "Chat App" */ = {
			isa = XCConfigurationList;
			buildConfigurations = (
				8010018127B7282000D0F326 /* Debug */,
				8010018227B7282000D0F326 /* Release */,
			);
			defaultConfigurationIsVisible = 0;
			defaultConfigurationName = Release;
		};
/* End XCConfigurationList section */
	};
	rootObject = 8010016427B7281E00D0F326 /* Project object */;
}
